{
  "version": 4,
  "terraform_version": "1.3.3",
  "serial": 7,
  "lineage": "a734147f-f423-b508-286e-4f946fdc7287",
  "outputs": {
    "master_private_dns": {
      "value": "ip-172-31-24-212.ec2.internal",
      "type": "string"
    },
    "master_public_dns": {
      "value": "ec2-34-229-12-193.compute-1.amazonaws.com",
      "type": "string"
    },
    "worker_private_dns": {
      "value": "ip-172-31-23-77.ec2.internal",
      "type": "string"
    },
    "worker_public_dns": {
      "value": "ec2-3-208-17-196.compute-1.amazonaws.com",
      "type": "string"
    }
  },
  "resources": [
    {
      "mode": "data",
      "type": "aws_caller_identity",
      "name": "current",
      "provider": "provider[\"registry.terraform.io/hashicorp/aws\"]",
      "instances": [
        {
          "schema_version": 0,
          "attributes": {
            "account_id": "611289949201",
            "arn": "arn:aws:iam::611289949201:user/abilgin97",
            "id": "611289949201",
            "user_id": "AIDAY4U5YMQIRK4UXXGBP"
          },
          "sensitive_attributes": []
        }
      ]
    },
    {
      "mode": "data",
      "type": "aws_region",
      "name": "current",
      "provider": "provider[\"registry.terraform.io/hashicorp/aws\"]",
      "instances": [
        {
          "schema_version": 0,
          "attributes": {
            "description": "US East (N. Virginia)",
            "endpoint": "ec2.us-east-1.amazonaws.com",
            "id": "us-east-1",
            "name": "us-east-1"
          },
          "sensitive_attributes": []
        }
      ]
    },
    {
      "mode": "data",
      "type": "template_file",
      "name": "master",
      "provider": "provider[\"registry.terraform.io/hashicorp/template\"]",
      "instances": [
        {
          "schema_version": 0,
          "attributes": {
            "filename": null,
            "id": "e5b6f76b1001aaf8907b3b2031ae87bae978e60bc7ad7577a7def9e890a9e34b",
            "rendered": "#! /bin/bash\nsudo su\napt-get update -y\napt-get upgrade -y\nhostnamectl set-hostname kube-master\napt-get install -y apt-transport-https ca-certificates curl\ncurl https://packages.cloud.google.com/apt/doc/apt-key.gpg | sudo apt-key --keyring /usr/share/keyrings/cloud.google.gpg add -\necho \"deb [signed-by=/usr/share/keyrings/cloud.google.gpg] https://apt.kubernetes.io/ kubernetes-xenial main\" | sudo tee /etc/apt/sources.list.d/kubernetes.list\napt-get update\napt-get install -y kubelet=1.26.3-00 kubeadm=1.26.3-00 kubectl=1.26.3-00 kubernetes-cni docker.io\napt-mark hold kubelet kubeadm kubectl\nsystemctl start docker\nsystemctl enable docker\nusermod -aG docker ubuntu\nnewgrp docker\ncat \u003c\u003cEOF | sudo tee /etc/sysctl.d/k8s.conf\nnet.bridge.bridge-nf-call-iptables  = 1\nnet.bridge.bridge-nf-call-ip6tables = 1\nnet.ipv4.ip_forward                 = 1\nEOF\nsysctl --system\nmkdir /etc/containerd\ncontainerd config default | sudo tee /etc/containerd/config.toml \u003e/dev/null 2\u003e\u00261\nsed -i 's/SystemdCgroup \\= false/SystemdCgroup \\= true/g' /etc/containerd/config.toml\nsystemctl restart containerd\nsystemctl enable containerd\nkubeadm config images pull\nkubeadm init --pod-network-cidr=10.244.0.0/16 --ignore-preflight-errors=All\nmkdir -p /home/ubuntu/.kube\ncp -i /etc/kubernetes/admin.conf /home/ubuntu/.kube/config\nchown ubuntu:ubuntu /home/ubuntu/.kube/config\nsu - ubuntu -c 'kubectl apply -f https://github.com/coreos/flannel/raw/master/Documentation/kube-flannel.yml'",
            "template": "#! /bin/bash\nsudo su\napt-get update -y\napt-get upgrade -y\nhostnamectl set-hostname kube-master\napt-get install -y apt-transport-https ca-certificates curl\ncurl https://packages.cloud.google.com/apt/doc/apt-key.gpg | sudo apt-key --keyring /usr/share/keyrings/cloud.google.gpg add -\necho \"deb [signed-by=/usr/share/keyrings/cloud.google.gpg] https://apt.kubernetes.io/ kubernetes-xenial main\" | sudo tee /etc/apt/sources.list.d/kubernetes.list\napt-get update\napt-get install -y kubelet=1.26.3-00 kubeadm=1.26.3-00 kubectl=1.26.3-00 kubernetes-cni docker.io\napt-mark hold kubelet kubeadm kubectl\nsystemctl start docker\nsystemctl enable docker\nusermod -aG docker ubuntu\nnewgrp docker\ncat \u003c\u003cEOF | sudo tee /etc/sysctl.d/k8s.conf\nnet.bridge.bridge-nf-call-iptables  = 1\nnet.bridge.bridge-nf-call-ip6tables = 1\nnet.ipv4.ip_forward                 = 1\nEOF\nsysctl --system\nmkdir /etc/containerd\ncontainerd config default | sudo tee /etc/containerd/config.toml \u003e/dev/null 2\u003e\u00261\nsed -i 's/SystemdCgroup \\= false/SystemdCgroup \\= true/g' /etc/containerd/config.toml\nsystemctl restart containerd\nsystemctl enable containerd\nkubeadm config images pull\nkubeadm init --pod-network-cidr=10.244.0.0/16 --ignore-preflight-errors=All\nmkdir -p /home/ubuntu/.kube\ncp -i /etc/kubernetes/admin.conf /home/ubuntu/.kube/config\nchown ubuntu:ubuntu /home/ubuntu/.kube/config\nsu - ubuntu -c 'kubectl apply -f https://github.com/coreos/flannel/raw/master/Documentation/kube-flannel.yml'",
            "vars": null
          },
          "sensitive_attributes": []
        }
      ]
    },
    {
      "mode": "data",
      "type": "template_file",
      "name": "worker",
      "provider": "provider[\"registry.terraform.io/hashicorp/template\"]",
      "instances": [
        {
          "schema_version": 0,
          "attributes": {
            "filename": null,
            "id": "4d6ac03676c64de04a2aa8246a9cb6ec5b5178fa52dfe08d494827e14b732752",
            "rendered": "#! /bin/bash\nsudo su\napt-get update -y\napt-get upgrade -y\nhostnamectl set-hostname kube-worker\napt-get install -y apt-transport-https ca-certificates curl\ncurl https://packages.cloud.google.com/apt/doc/apt-key.gpg | sudo apt-key --keyring /usr/share/keyrings/cloud.google.gpg add -\necho \"deb [signed-by=/usr/share/keyrings/cloud.google.gpg] https://apt.kubernetes.io/ kubernetes-xenial main\" | sudo tee /etc/apt/sources.list.d/kubernetes.list\napt-get update\napt-get install -y kubelet=1.26.3-00 kubeadm=1.26.3-00 kubectl=1.26.3-00 kubernetes-cni docker.io\napt-mark hold kubelet kubeadm kubectl\nsystemctl start docker\nsystemctl enable docker\nusermod -aG docker ubuntu\nnewgrp docker\ncat \u003c\u003cEOF | sudo tee /etc/sysctl.d/k8s.conf\nnet.bridge.bridge-nf-call-iptables  = 1\nnet.bridge.bridge-nf-call-ip6tables = 1\nnet.ipv4.ip_forward                 = 1\nEOF\nsysctl --system\nmkdir /etc/containerd\ncontainerd config default | sudo tee /etc/containerd/config.toml \u003e/dev/null 2\u003e\u00261\nsed -i 's/SystemdCgroup \\= false/SystemdCgroup \\= true/g' /etc/containerd/config.toml\nsystemctl restart containerd\nsystemctl enable containerd\nwget https://bootstrap.pypa.io/get-pip.py\npython3 get-pip.py\npip install pyopenssl --upgrade\npip3 install ec2instanceconnectcli\napt install -y mssh\nuntil [[ $(mssh -o UserKnownHostsFile=/dev/null -o StrictHostKeyChecking=no -t i-0ad9559098e2c4586 -r us-east-1 ubuntu@i-0ad9559098e2c4586 kubectl get no | awk 'NR == 2 {print $2}') == Ready ]]; do echo \"master node is not ready\"; sleep 3; done;\nkubeadm join 172.31.24.212:6443 --token $(mssh -o UserKnownHostsFile=/dev/null -o StrictHostKeyChecking=no -t i-0ad9559098e2c4586 -r us-east-1 ubuntu@i-0ad9559098e2c4586 kubeadm token list | awk 'NR == 2 {print $1}') --discovery-token-ca-cert-hash sha256:$(mssh -o UserKnownHostsFile=/dev/null -o StrictHostKeyChecking=no -t i-0ad9559098e2c4586 -r us-east-1 ubuntu@i-0ad9559098e2c4586 openssl x509 -pubkey -in /etc/kubernetes/pki/ca.crt | openssl rsa -pubin -outform der 2\u003e/dev/null | openssl dgst -sha256 -hex | sed 's/^.* //') --ignore-preflight-errors=All",
            "template": "#! /bin/bash\nsudo su\napt-get update -y\napt-get upgrade -y\nhostnamectl set-hostname kube-worker\napt-get install -y apt-transport-https ca-certificates curl\ncurl https://packages.cloud.google.com/apt/doc/apt-key.gpg | sudo apt-key --keyring /usr/share/keyrings/cloud.google.gpg add -\necho \"deb [signed-by=/usr/share/keyrings/cloud.google.gpg] https://apt.kubernetes.io/ kubernetes-xenial main\" | sudo tee /etc/apt/sources.list.d/kubernetes.list\napt-get update\napt-get install -y kubelet=1.26.3-00 kubeadm=1.26.3-00 kubectl=1.26.3-00 kubernetes-cni docker.io\napt-mark hold kubelet kubeadm kubectl\nsystemctl start docker\nsystemctl enable docker\nusermod -aG docker ubuntu\nnewgrp docker\ncat \u003c\u003cEOF | sudo tee /etc/sysctl.d/k8s.conf\nnet.bridge.bridge-nf-call-iptables  = 1\nnet.bridge.bridge-nf-call-ip6tables = 1\nnet.ipv4.ip_forward                 = 1\nEOF\nsysctl --system\nmkdir /etc/containerd\ncontainerd config default | sudo tee /etc/containerd/config.toml \u003e/dev/null 2\u003e\u00261\nsed -i 's/SystemdCgroup \\= false/SystemdCgroup \\= true/g' /etc/containerd/config.toml\nsystemctl restart containerd\nsystemctl enable containerd\nwget https://bootstrap.pypa.io/get-pip.py\npython3 get-pip.py\npip install pyopenssl --upgrade\npip3 install ec2instanceconnectcli\napt install -y mssh\nuntil [[ $(mssh -o UserKnownHostsFile=/dev/null -o StrictHostKeyChecking=no -t ${master-id} -r ${region} ubuntu@${master-id} kubectl get no | awk 'NR == 2 {print $2}') == Ready ]]; do echo \"master node is not ready\"; sleep 3; done;\nkubeadm join ${master-private}:6443 --token $(mssh -o UserKnownHostsFile=/dev/null -o StrictHostKeyChecking=no -t ${master-id} -r ${region} ubuntu@${master-id} kubeadm token list | awk 'NR == 2 {print $1}') --discovery-token-ca-cert-hash sha256:$(mssh -o UserKnownHostsFile=/dev/null -o StrictHostKeyChecking=no -t ${master-id} -r ${region} ubuntu@${master-id} openssl x509 -pubkey -in /etc/kubernetes/pki/ca.crt | openssl rsa -pubin -outform der 2\u003e/dev/null | openssl dgst -sha256 -hex | sed 's/^.* //') --ignore-preflight-errors=All",
            "vars": {
              "master-id": "i-0ad9559098e2c4586",
              "master-private": "172.31.24.212",
              "region": "us-east-1"
            }
          },
          "sensitive_attributes": []
        }
      ]
    },
    {
      "mode": "managed",
      "type": "aws_iam_instance_profile",
      "name": "ec2connectprofile",
      "provider": "provider[\"registry.terraform.io/hashicorp/aws\"]",
      "instances": [
        {
          "schema_version": 0,
          "attributes": {
            "arn": "arn:aws:iam::611289949201:instance-profile/ec2connectprofile-atamertbilgin",
            "create_date": "2023-08-03T16:50:15Z",
            "id": "ec2connectprofile-atamertbilgin",
            "name": "ec2connectprofile-atamertbilgin",
            "name_prefix": "",
            "path": "/",
            "role": "ec2connectcli-atamertbilgin",
            "tags": null,
            "tags_all": {},
            "unique_id": "AIPAY4U5YMQI7X7MA2L45"
          },
          "sensitive_attributes": [],
          "private": "bnVsbA==",
          "dependencies": [
            "aws_iam_role.ec2connectcli",
            "data.aws_caller_identity.current",
            "data.aws_region.current"
          ]
        }
      ]
    },
    {
      "mode": "managed",
      "type": "aws_iam_role",
      "name": "ec2connectcli",
      "provider": "provider[\"registry.terraform.io/hashicorp/aws\"]",
      "instances": [
        {
          "schema_version": 0,
          "attributes": {
            "arn": "arn:aws:iam::611289949201:role/ec2connectcli-atamertbilgin",
            "assume_role_policy": "{\"Statement\":[{\"Action\":\"sts:AssumeRole\",\"Effect\":\"Allow\",\"Principal\":{\"Service\":\"ec2.amazonaws.com\"},\"Sid\":\"\"}],\"Version\":\"2012-10-17\"}",
            "create_date": "2023-08-03T16:50:14Z",
            "description": "",
            "force_detach_policies": false,
            "id": "ec2connectcli-atamertbilgin",
            "inline_policy": [
              {
                "name": "my_inline_policy",
                "policy": "{\"Version\":\"2012-10-17\",\"Statement\":[{\"Action\":\"ec2-instance-connect:SendSSHPublicKey\",\"Condition\":{\"StringEquals\":{\"ec2:osuser\":\"ubuntu\"}},\"Effect\":\"Allow\",\"Resource\":\"arn:aws:ec2:us-east-1:611289949201:instance/*\"},{\"Action\":\"ec2:DescribeInstances\",\"Effect\":\"Allow\",\"Resource\":\"*\"}]}"
              }
            ],
            "managed_policy_arns": [],
            "max_session_duration": 3600,
            "name": "ec2connectcli-atamertbilgin",
            "name_prefix": "",
            "path": "/",
            "permissions_boundary": null,
            "tags": null,
            "tags_all": {},
            "unique_id": "AROAY4U5YMQIWYMHBZKVB"
          },
          "sensitive_attributes": [],
          "private": "bnVsbA==",
          "dependencies": [
            "data.aws_caller_identity.current",
            "data.aws_region.current"
          ]
        }
      ]
    },
    {
      "mode": "managed",
      "type": "aws_instance",
      "name": "master",
      "provider": "provider[\"registry.terraform.io/hashicorp/aws\"]",
      "instances": [
        {
          "schema_version": 1,
          "attributes": {
            "ami": "ami-0557a15b87f6559cf",
            "arn": "arn:aws:ec2:us-east-1:611289949201:instance/i-0ad9559098e2c4586",
            "associate_public_ip_address": true,
            "availability_zone": "us-east-1d",
            "capacity_reservation_specification": [
              {
                "capacity_reservation_preference": "open",
                "capacity_reservation_target": []
              }
            ],
            "cpu_core_count": 1,
            "cpu_options": [
              {
                "amd_sev_snp": "",
                "core_count": 1,
                "threads_per_core": 2
              }
            ],
            "cpu_threads_per_core": 2,
            "credit_specification": [
              {
                "cpu_credits": "unlimited"
              }
            ],
            "disable_api_stop": false,
            "disable_api_termination": false,
            "ebs_block_device": [],
            "ebs_optimized": false,
            "enclave_options": [
              {
                "enabled": false
              }
            ],
            "ephemeral_block_device": [],
            "get_password_data": false,
            "hibernation": false,
            "host_id": "",
            "host_resource_group_arn": null,
            "iam_instance_profile": "ec2connectprofile-atamertbilgin",
            "id": "i-0ad9559098e2c4586",
            "instance_initiated_shutdown_behavior": "stop",
            "instance_lifecycle": "",
            "instance_market_options": [],
            "instance_state": "running",
            "instance_type": "t3a.medium",
            "ipv6_address_count": 0,
            "ipv6_addresses": [],
            "key_name": "first-key",
            "launch_template": [],
            "maintenance_options": [
              {
                "auto_recovery": "default"
              }
            ],
            "metadata_options": [
              {
                "http_endpoint": "enabled",
                "http_put_response_hop_limit": 1,
                "http_tokens": "optional",
                "instance_metadata_tags": "disabled"
              }
            ],
            "monitoring": false,
            "network_interface": [],
            "outpost_arn": "",
            "password_data": "",
            "placement_group": "",
            "placement_partition_number": 0,
            "primary_network_interface_id": "eni-0275925b333c8a81f",
            "private_dns": "ip-172-31-24-212.ec2.internal",
            "private_dns_name_options": [
              {
                "enable_resource_name_dns_a_record": false,
                "enable_resource_name_dns_aaaa_record": false,
                "hostname_type": "ip-name"
              }
            ],
            "private_ip": "172.31.24.212",
            "public_dns": "ec2-34-229-12-193.compute-1.amazonaws.com",
            "public_ip": "34.229.12.193",
            "root_block_device": [
              {
                "delete_on_termination": true,
                "device_name": "/dev/sda1",
                "encrypted": false,
                "iops": 100,
                "kms_key_id": "",
                "tags": {},
                "throughput": 0,
                "volume_id": "vol-0e7966593683ef66a",
                "volume_size": 8,
                "volume_type": "gp2"
              }
            ],
            "secondary_private_ips": [],
            "security_groups": [
              "atamertbilgin-k8s-master-sec-gr"
            ],
            "source_dest_check": true,
            "spot_instance_request_id": "",
            "subnet_id": "subnet-0162f6689f8187a5b",
            "tags": {
              "Name": "atamertbilgin-kube-master"
            },
            "tags_all": {
              "Name": "atamertbilgin-kube-master"
            },
            "tenancy": "default",
            "timeouts": null,
            "user_data": "38c02fdfd9b18a368046b6ca51f8618dd07414ca",
            "user_data_base64": null,
            "user_data_replace_on_change": false,
            "volume_tags": null,
            "vpc_security_group_ids": [
              "sg-09eac0b2e1cd76acb"
            ]
          },
          "sensitive_attributes": [],
          "private": "eyJlMmJmYjczMC1lY2FhLTExZTYtOGY4OC0zNDM2M2JjN2M0YzAiOnsiY3JlYXRlIjo2MDAwMDAwMDAwMDAsImRlbGV0ZSI6MTIwMDAwMDAwMDAwMCwidXBkYXRlIjo2MDAwMDAwMDAwMDB9LCJzY2hlbWFfdmVyc2lvbiI6IjEifQ==",
          "dependencies": [
            "aws_iam_instance_profile.ec2connectprofile",
            "aws_iam_role.ec2connectcli",
            "aws_security_group.tf-k8s-master-sec-gr",
            "data.aws_caller_identity.current",
            "data.aws_region.current",
            "data.template_file.master"
          ]
        }
      ]
    },
    {
      "mode": "managed",
      "type": "aws_instance",
      "name": "worker",
      "provider": "provider[\"registry.terraform.io/hashicorp/aws\"]",
      "instances": [
        {
          "schema_version": 1,
          "attributes": {
            "ami": "ami-0557a15b87f6559cf",
            "arn": "arn:aws:ec2:us-east-1:611289949201:instance/i-0e3fe4b6b2a4a7f98",
            "associate_public_ip_address": true,
            "availability_zone": "us-east-1d",
            "capacity_reservation_specification": [
              {
                "capacity_reservation_preference": "open",
                "capacity_reservation_target": []
              }
            ],
            "cpu_core_count": 1,
            "cpu_options": [
              {
                "amd_sev_snp": "",
                "core_count": 1,
                "threads_per_core": 2
              }
            ],
            "cpu_threads_per_core": 2,
            "credit_specification": [
              {
                "cpu_credits": "unlimited"
              }
            ],
            "disable_api_stop": false,
            "disable_api_termination": false,
            "ebs_block_device": [],
            "ebs_optimized": false,
            "enclave_options": [
              {
                "enabled": false
              }
            ],
            "ephemeral_block_device": [],
            "get_password_data": false,
            "hibernation": false,
            "host_id": "",
            "host_resource_group_arn": null,
            "iam_instance_profile": "ec2connectprofile-atamertbilgin",
            "id": "i-0e3fe4b6b2a4a7f98",
            "instance_initiated_shutdown_behavior": "stop",
            "instance_lifecycle": "",
            "instance_market_options": [],
            "instance_state": "running",
            "instance_type": "t3a.medium",
            "ipv6_address_count": 0,
            "ipv6_addresses": [],
            "key_name": "first-key",
            "launch_template": [],
            "maintenance_options": [
              {
                "auto_recovery": "default"
              }
            ],
            "metadata_options": [
              {
                "http_endpoint": "enabled",
                "http_put_response_hop_limit": 1,
                "http_tokens": "optional",
                "instance_metadata_tags": "disabled"
              }
            ],
            "monitoring": false,
            "network_interface": [],
            "outpost_arn": "",
            "password_data": "",
            "placement_group": "",
            "placement_partition_number": 0,
            "primary_network_interface_id": "eni-093c8ae557ef8552b",
            "private_dns": "ip-172-31-23-77.ec2.internal",
            "private_dns_name_options": [
              {
                "enable_resource_name_dns_a_record": false,
                "enable_resource_name_dns_aaaa_record": false,
                "hostname_type": "ip-name"
              }
            ],
            "private_ip": "172.31.23.77",
            "public_dns": "ec2-3-208-17-196.compute-1.amazonaws.com",
            "public_ip": "3.208.17.196",
            "root_block_device": [
              {
                "delete_on_termination": true,
                "device_name": "/dev/sda1",
                "encrypted": false,
                "iops": 100,
                "kms_key_id": "",
                "tags": {},
                "throughput": 0,
                "volume_id": "vol-0c6794aa4e8f7eff8",
                "volume_size": 8,
                "volume_type": "gp2"
              }
            ],
            "secondary_private_ips": [],
            "security_groups": [
              "atamertbilgin-k8s-master-sec-gr"
            ],
            "source_dest_check": true,
            "spot_instance_request_id": "",
            "subnet_id": "subnet-0162f6689f8187a5b",
            "tags": {
              "Name": "atamertbilgin-kube-worker"
            },
            "tags_all": {
              "Name": "atamertbilgin-kube-worker"
            },
            "tenancy": "default",
            "timeouts": null,
            "user_data": "b7600a80873436b728503ffb5cd67dbaa914f9bf",
            "user_data_base64": null,
            "user_data_replace_on_change": false,
            "volume_tags": null,
            "vpc_security_group_ids": [
              "sg-09eac0b2e1cd76acb"
            ]
          },
          "sensitive_attributes": [],
          "private": "eyJlMmJmYjczMC1lY2FhLTExZTYtOGY4OC0zNDM2M2JjN2M0YzAiOnsiY3JlYXRlIjo2MDAwMDAwMDAwMDAsImRlbGV0ZSI6MTIwMDAwMDAwMDAwMCwidXBkYXRlIjo2MDAwMDAwMDAwMDB9LCJzY2hlbWFfdmVyc2lvbiI6IjEifQ==",
          "dependencies": [
            "aws_iam_instance_profile.ec2connectprofile",
            "aws_iam_role.ec2connectcli",
            "aws_instance.master",
            "aws_security_group.tf-k8s-master-sec-gr",
            "data.aws_caller_identity.current",
            "data.aws_region.current",
            "data.template_file.master",
            "data.template_file.worker"
          ]
        }
      ]
    },
    {
      "mode": "managed",
      "type": "aws_security_group",
      "name": "tf-k8s-master-sec-gr",
      "provider": "provider[\"registry.terraform.io/hashicorp/aws\"]",
      "instances": [
        {
          "schema_version": 1,
          "attributes": {
            "arn": "arn:aws:ec2:us-east-1:611289949201:security-group/sg-09eac0b2e1cd76acb",
            "description": "Managed by Terraform",
            "egress": [
              {
                "cidr_blocks": [
                  "0.0.0.0/0"
                ],
                "description": "",
                "from_port": 0,
                "ipv6_cidr_blocks": [],
                "prefix_list_ids": [],
                "protocol": "-1",
                "security_groups": [],
                "self": false,
                "to_port": 0
              }
            ],
            "id": "sg-09eac0b2e1cd76acb",
            "ingress": [
              {
                "cidr_blocks": [
                  "0.0.0.0/0"
                ],
                "description": "",
                "from_port": 22,
                "ipv6_cidr_blocks": [],
                "prefix_list_ids": [],
                "protocol": "tcp",
                "security_groups": [],
                "self": false,
                "to_port": 22
              },
              {
                "cidr_blocks": [
                  "0.0.0.0/0"
                ],
                "description": "",
                "from_port": 30000,
                "ipv6_cidr_blocks": [],
                "prefix_list_ids": [],
                "protocol": "tcp",
                "security_groups": [],
                "self": false,
                "to_port": 32767
              },
              {
                "cidr_blocks": [
                  "0.0.0.0/0"
                ],
                "description": "",
                "from_port": 80,
                "ipv6_cidr_blocks": [],
                "prefix_list_ids": [],
                "protocol": "tcp",
                "security_groups": [],
                "self": false,
                "to_port": 80
              },
              {
                "cidr_blocks": [],
                "description": "",
                "from_port": 0,
                "ipv6_cidr_blocks": [],
                "prefix_list_ids": [],
                "protocol": "-1",
                "security_groups": [],
                "self": true,
                "to_port": 0
              }
            ],
            "name": "atamertbilgin-k8s-master-sec-gr",
            "name_prefix": "",
            "owner_id": "611289949201",
            "revoke_rules_on_delete": false,
            "tags": {
              "Name": "atamertbilgin-k8s-master-sec-gr"
            },
            "tags_all": {
              "Name": "atamertbilgin-k8s-master-sec-gr"
            },
            "timeouts": null,
            "vpc_id": "vpc-075ee6ef4a8da5483"
          },
          "sensitive_attributes": [],
          "private": "eyJlMmJmYjczMC1lY2FhLTExZTYtOGY4OC0zNDM2M2JjN2M0YzAiOnsiY3JlYXRlIjo2MDAwMDAwMDAwMDAsImRlbGV0ZSI6OTAwMDAwMDAwMDAwfSwic2NoZW1hX3ZlcnNpb24iOiIxIn0="
        }
      ]
    }
  ],
  "check_results": []
}
